{
  "nodes": {
    "flake-compat": {
      "flake": false,
      "locked": {
        "lastModified": 1673956053,
        "narHash": "sha256-4gtG9iQuiKITOjNQQeQIpoIB6b16fm+504Ch3sNKLd8=",
        "owner": "edolstra",
        "repo": "flake-compat",
        "rev": "35bb57c0c8d8b62bbfd284272c928ceb64ddbde9",
        "type": "github"
      },
      "original": {
        "owner": "edolstra",
        "repo": "flake-compat",
        "type": "github"
      }
    },
    "kubenix": {
      "inputs": {
        "flake-compat": "flake-compat",
        "nixpkgs": [
          "nixpkgs"
        ],
        "systems": "systems",
        "treefmt": "treefmt"
      },
      "locked": {
        "lastModified": 1693087186,
        "narHash": "sha256-GbfItEoYQyNfNyHFnEqb4CabQUWMiGTOvHUvFML4Dqg=",
        "owner": "hall",
        "repo": "kubenix",
        "rev": "71cb0a2a47eef8b7abe25ef3f8d49b4e0c216256",
        "type": "github"
      },
      "original": {
        "owner": "hall",
        "repo": "kubenix",
        "type": "github"
      }
    },
    "nixpkgs": {
      "locked": {
        "lastModified": 1692794066,
        "narHash": "sha256-H0aG8r16dj0x/Wz6wQhQxc9V7AsObOiHPaKxQgH6Y08=",
        "path": "/nix/store/pbh1jb88mn0sy1rw0azn9jml172pxjpq-source",
        "rev": "fc944919f743bb22379dddf18dcb72db6cff84aa",
        "type": "path"
      },
      "original": {
        "id": "nixpkgs",
        "type": "indirect"
      }
    },
    "root": {
      "inputs": {
        "kubenix": "kubenix",
        "nixpkgs": "nixpkgs"
      }
    },
    "systems": {
      "locked": {
        "lastModified": 1681028828,
        "narHash": "sha256-Vy1rq5AaRuLzOxct8nz4T6wlgyUR7zLU309k9mBC768=",
        "owner": "nix-systems",
        "repo": "default",
        "rev": "da67096a3b9bf56a91d16901293e51ba5b49a27e",
        "type": "github"
      },
      "original": {
        "id": "systems",
        "type": "indirect"
      }
    },
    "treefmt": {
      "inputs": {
        "nixpkgs": [
          "kubenix",
          "nixpkgs"
        ]
      },
      "locked": {
        "lastModified": 1688026376,
        "narHash": "sha256-qJmkr9BWDpqblk4E9/rCsAEl39y2n4Ycw6KRopvpUcY=",
        "owner": "numtide",
        "repo": "treefmt-nix",
        "rev": "df3f32b0cc253dfc7009b7317e8f0e7ccd70b1cf",
        "type": "github"
      },
      "original": {
        "owner": "numtide",
        "repo": "treefmt-nix",
        "type": "github"
      }
    }
  },
  "root": "root",
  "version": 7
}
